{
  "requires": true,
  "lockfileVersion": 1,
  "dependencies": {
    "react-hook-form": {
      "version": "7.13.0",
      "resolved": "https://registry.npmjs.org/react-hook-form/-/react-hook-form-7.13.0.tgz",
      "integrity": "sha512-ofjzl78xNTRmBHFZ/gOn65HDiqM/LHxbVMlaFoemyMQIDFTR4aG4h2CpCG/N0TbW5IQbh21hBYUvvmqK0ByEhg=="
    }
  }
}
